
Microsoft Visual Studio Solution File, Format Version 10.00
# Visual Studio 2008
Project("{8BC9CEB8-8B4A-11D0-8D11-00A0C91BC942}") = "news", "news.vcproj", "{EA1DA6EE-7D6D-4BEA-80E4-88053872F643}"
EndProject
Global
	GlobalSection(SolutionConfigurationPlatforms) = preSolution
		Debug|Win32 = Debug|Win32
		Release|Win32 = Release|Win32
	EndGlobalSection
	GlobalSection(ProjectConfigurationPlatforms) = postSolution
		{EA1DA6EE-7D6D-4BEA-80E4-88053872F643}.Debug|Win32.ActiveCfg = Debug|Win32
		{EA1DA6EE-7D6D-4BEA-80E4-88053872F643}.Debug|Win32.Build.0 = Debug|Win32
		{EA1DA6EE-7D6D-4BEA-80E4-88053872F643}.Release|Win32.ActiveCfg = Release|Win32
		{EA1DA6EE-7D6D-4BEA-80E4-88053872F643}.Release|Win32.Build.0 = Release|Win32
	EndGlobalSection
	GlobalSection(SolutionProperties) = preSolution
		HideSolutionNode = FALSE
	EndGlobalSection
EndGlobal
