
Microsoft Visual Studio Solution File, Format Version 10.00
# Visual Studio 2008
Project("{8BC9CEB8-8B4A-11D0-8D11-00A0C91BC942}") = "timus_1050", "timus_1050.vcproj", "{4DDBD797-F82C-4D41-9493-B95A485B98C3}"
EndProject
Global
	GlobalSection(SolutionConfigurationPlatforms) = preSolution
		Debug|Win32 = Debug|Win32
		Release|Win32 = Release|Win32
	EndGlobalSection
	GlobalSection(ProjectConfigurationPlatforms) = postSolution
		{4DDBD797-F82C-4D41-9493-B95A485B98C3}.Debug|Win32.ActiveCfg = Debug|Win32
		{4DDBD797-F82C-4D41-9493-B95A485B98C3}.Debug|Win32.Build.0 = Debug|Win32
		{4DDBD797-F82C-4D41-9493-B95A485B98C3}.Release|Win32.ActiveCfg = Release|Win32
		{4DDBD797-F82C-4D41-9493-B95A485B98C3}.Release|Win32.Build.0 = Release|Win32
	EndGlobalSection
	GlobalSection(SolutionProperties) = preSolution
		HideSolutionNode = FALSE
	EndGlobalSection
EndGlobal
